{
  "requires": true,
  "lockfileVersion": 1,
  "dependencies": {
    "@angular/animations": {
      "version": "8.0.2",
      "resolved": "https://registry.npmjs.org/@angular/animations/-/animations-8.0.2.tgz",
      "integrity": "sha512-6buaGp6sgyLWbjioGU0Wp/O9nFEQqD2L18uX5g5P5hdpq0bgopAbBee7AefJ8Kc/Kf79FlaKu9fKP5AEkeC8tA==",
      "requires": {
        "tslib": "^1.9.0"
      }
    },
    "@angular/cdk": {
      "version": "8.0.1",
      "resolved": "https://registry.npmjs.org/@angular/cdk/-/cdk-8.0.1.tgz",
      "integrity": "sha512-Ul7rVU/rr4qGHs1w24P/6MHEosYp8AHRxBHrp/yJ50eHbHVS31FyfO8gKfNqPc1bnL1YoYYCs0hIBwNDaz8uDg==",
      "requires": {
        "parse5": "^5.0.0",
        "tslib": "^1.7.1"
      }
    },
    "@angular/material": {
      "version": "8.0.1",
      "resolved": "https://registry.npmjs.org/@angular/material/-/material-8.0.1.tgz",
      "integrity": "sha512-BozIS+9yiqFTfXBoZfhFUibY8meDUcv/e+CxhSHyv3vZw9XVTNTbiaX7tX/FX0Ai+1VKnwRTGrKvPKGFSqynCA==",
      "requires": {
        "tslib": "^1.7.1"
      }
    },
    "parse5": {
      "version": "5.1.0",
      "resolved": "https://registry.npmjs.org/parse5/-/parse5-5.1.0.tgz",
      "integrity": "sha512-fxNG2sQjHvlVAYmzBZS9YlDp6PTSSDwa98vkD4QgVDDCAo84z5X1t5XyJQ62ImdLXx5NdIIfihey6xpum9/gRQ==",
      "optional": true
    },
    "tslib": {
      "version": "1.10.0",
      "resolved": "https://registry.npmjs.org/tslib/-/tslib-1.10.0.tgz",
      "integrity": "sha512-qOebF53frne81cf0S9B41ByenJ3/IuH8yJKngAX35CmiZySA0khhkovshKK+jGCaMnVomla7gVlIcc3EvKPbTQ=="
    }
  }
}
